
Microsoft Visual Studio Solution File, Format Version 12.00
# Visual Studio 15
VisualStudioVersion = 15.0.28307.271
MinimumVisualStudioVersion = 10.0.40219.1
Project("{FAE04EC0-301F-11D3-BF4B-00C04F79EFBC}") = "BackupSirius", "BackupSirius\BackupSirius.csproj", "{35AD7B99-27AC-4772-83B2-9D9F99466309}"
EndProject
Global
	GlobalSection(SolutionConfigurationPlatforms) = preSolution
		Debug|Any CPU = Debug|Any CPU
		Release|Any CPU = Release|Any CPU
	EndGlobalSection
	GlobalSection(ProjectConfigurationPlatforms) = postSolution
		{35AD7B99-27AC-4772-83B2-9D9F99466309}.Debug|Any CPU.ActiveCfg = Debug|Any CPU
		{35AD7B99-27AC-4772-83B2-9D9F99466309}.Debug|Any CPU.Build.0 = Debug|Any CPU
		{35AD7B99-27AC-4772-83B2-9D9F99466309}.Release|Any CPU.ActiveCfg = Release|Any CPU
		{35AD7B99-27AC-4772-83B2-9D9F99466309}.Release|Any CPU.Build.0 = Release|Any CPU
	EndGlobalSection
	GlobalSection(SolutionProperties) = preSolution
		HideSolutionNode = FALSE
	EndGlobalSection
	GlobalSection(ExtensibilityGlobals) = postSolution
		SolutionGuid = {75F0AED4-80B0-448B-A7F4-41C2FFC1CDA1}
	EndGlobalSection
EndGlobal
